// !$*UTF8*$!
{
	archiveVersion = 1;
	classes = {
	};
	objectVersion = 55;
	objects = {

/* Begin PBXBuildFile section */
		04CF230728BD192F0016BBCA /* AppDelegate.swift in Sources */ = {isa = PBXBuildFile; fileRef = 04CF230628BD192F0016BBCA /* AppDelegate.swift */; };
		04CF230928BD192F0016BBCA /* SceneDelegate.swift in Sources */ = {isa = PBXBuildFile; fileRef = 04CF230828BD192F0016BBCA /* SceneDelegate.swift */; };
		04CF230B28BD192F0016BBCA /* MainViewController.swift in Sources */ = {isa = PBXBuildFile; fileRef = 04CF230A28BD192F0016BBCA /* MainViewController.swift */; };
		04CF231028BD19300016BBCA /* Assets.xcassets in Resources */ = {isa = PBXBuildFile; fileRef = 04CF230F28BD19300016BBCA /* Assets.xcassets */; };
		04CF231328BD19300016BBCA /* LaunchScreen.storyboard in Resources */ = {isa = PBXBuildFile; fileRef = 04CF231128BD19300016BBCA /* LaunchScreen.storyboard */; };
		04CF231F28BD1F830016BBCA /* ViewData.swift in Sources */ = {isa = PBXBuildFile; fileRef = 04CF231E28BD1F830016BBCA /* ViewData.swift */; };
		1B87446A28BF4F1F004CD121 /* ViewModel.swift in Sources */ = {isa = PBXBuildFile; fileRef = 1B87446928BF4F1F004CD121 /* ViewModel.swift */; };
		1B87446C28BF51DC004CD121 /* FetchedDataView.swift in Sources */ = {isa = PBXBuildFile; fileRef = 1B87446B28BF51DC004CD121 /* FetchedDataView.swift */; };
		1B87446E28BF5B14004CD121 /* FetchDataView + Extension.swift in Sources */ = {isa = PBXBuildFile; fileRef = 1B87446D28BF5B14004CD121 /* FetchDataView + Extension.swift */; };
		7CD4B3CF3B92C70E82F12C76 /* Pods_pryaniki_test_task.framework in Frameworks */ = {isa = PBXBuildFile; fileRef = D0E8FA5F7C7D07316FEA63F5 /* Pods_pryaniki_test_task.framework */; };
/* End PBXBuildFile section */

/* Begin PBXFileReference section */
		04CF230328BD192F0016BBCA /* pryaniki-test-task.app */ = {isa = PBXFileReference; explicitFileType = wrapper.application; includeInIndex = 0; path = "pryaniki-test-task.app"; sourceTree = BUILT_PRODUCTS_DIR; };
		04CF230628BD192F0016BBCA /* AppDelegate.swift */ = {isa = PBXFileReference; lastKnownFileType = sourcecode.swift; path = AppDelegate.swift; sourceTree = "<group>"; };
		04CF230828BD192F0016BBCA /* SceneDelegate.swift */ = {isa = PBXFileReference; lastKnownFileType = sourcecode.swift; path = SceneDelegate.swift; sourceTree = "<group>"; };
		04CF230A28BD192F0016BBCA /* MainViewController.swift */ = {isa = PBXFileReference; lastKnownFileType = sourcecode.swift; path = MainViewController.swift; sourceTree = "<group>"; };
		04CF230F28BD19300016BBCA /* Assets.xcassets */ = {isa = PBXFileReference; lastKnownFileType = folder.assetcatalog; path = Assets.xcassets; sourceTree = "<group>"; };
		04CF231228BD19300016BBCA /* Base */ = {isa = PBXFileReference; lastKnownFileType = file.storyboard; name = Base; path = Base.lproj/LaunchScreen.storyboard; sourceTree = "<group>"; };
		04CF231428BD19300016BBCA /* Info.plist */ = {isa = PBXFileReference; lastKnownFileType = text.plist.xml; path = Info.plist; sourceTree = "<group>"; };
		04CF231E28BD1F830016BBCA /* ViewData.swift */ = {isa = PBXFileReference; lastKnownFileType = sourcecode.swift; path = ViewData.swift; sourceTree = "<group>"; };
		1B87446928BF4F1F004CD121 /* ViewModel.swift */ = {isa = PBXFileReference; lastKnownFileType = sourcecode.swift; path = ViewModel.swift; sourceTree = "<group>"; };
		1B87446B28BF51DC004CD121 /* FetchedDataView.swift */ = {isa = PBXFileReference; lastKnownFileType = sourcecode.swift; path = FetchedDataView.swift; sourceTree = "<group>"; };
		1B87446D28BF5B14004CD121 /* FetchDataView + Extension.swift */ = {isa = PBXFileReference; lastKnownFileType = sourcecode.swift; path = "FetchDataView + Extension.swift"; sourceTree = "<group>"; };
		1E313289514A1AB4DA3E01E4 /* Pods-pryaniki-test-task.release.xcconfig */ = {isa = PBXFileReference; includeInIndex = 1; lastKnownFileType = text.xcconfig; name = "Pods-pryaniki-test-task.release.xcconfig"; path = "Target Support Files/Pods-pryaniki-test-task/Pods-pryaniki-test-task.release.xcconfig"; sourceTree = "<group>"; };
		20D004FE270ABAF4709940CA /* Pods-pryaniki-test-task.debug.xcconfig */ = {isa = PBXFileReference; includeInIndex = 1; lastKnownFileType = text.xcconfig; name = "Pods-pryaniki-test-task.debug.xcconfig"; path = "Target Support Files/Pods-pryaniki-test-task/Pods-pryaniki-test-task.debug.xcconfig"; sourceTree = "<group>"; };
		D0E8FA5F7C7D07316FEA63F5 /* Pods_pryaniki_test_task.framework */ = {isa = PBXFileReference; explicitFileType = wrapper.framework; includeInIndex = 0; path = Pods_pryaniki_test_task.framework; sourceTree = BUILT_PRODUCTS_DIR; };
/* End PBXFileReference section */

/* Begin PBXFrameworksBuildPhase section */
		04CF230028BD192F0016BBCA /* Frameworks */ = {
			isa = PBXFrameworksBuildPhase;
			buildActionMask = 2147483647;
			files = (
				7CD4B3CF3B92C70E82F12C76 /* Pods_pryaniki_test_task.framework in Frameworks */,
			);
			runOnlyForDeploymentPostprocessing = 0;
		};
/* End PBXFrameworksBuildPhase section */

/* Begin PBXGroup section */
		04CF22FA28BD192F0016BBCA = {
			isa = PBXGroup;
			children = (
				04CF230528BD192F0016BBCA /* pryaniki-test-task */,
				04CF230428BD192F0016BBCA /* Products */,
				D5BB693E4FB42C5EC04C80ED /* Pods */,
				6A1F975F0D5D14613DC3FA67 /* Frameworks */,
			);
			sourceTree = "<group>";
		};
		04CF230428BD192F0016BBCA /* Products */ = {
			isa = PBXGroup;
			children = (
				04CF230328BD192F0016BBCA /* pryaniki-test-task.app */,
			);
			name = Products;
			sourceTree = "<group>";
		};
		04CF230528BD192F0016BBCA /* pryaniki-test-task */ = {
			isa = PBXGroup;
			children = (
				04CF231A28BD1F3F0016BBCA /* MainModule */,
				04CF230628BD192F0016BBCA /* AppDelegate.swift */,
				04CF230828BD192F0016BBCA /* SceneDelegate.swift */,
				04CF230F28BD19300016BBCA /* Assets.xcassets */,
				04CF231128BD19300016BBCA /* LaunchScreen.storyboard */,
				04CF231428BD19300016BBCA /* Info.plist */,
			);
			path = "pryaniki-test-task";
			sourceTree = "<group>";
		};
		04CF231A28BD1F3F0016BBCA /* MainModule */ = {
			isa = PBXGroup;
			children = (
				04CF231D28BD1F570016BBCA /* Model */,
				04CF231C28BD1F510016BBCA /* View */,
				04CF231B28BD1F470016BBCA /* ViewModel */,
			);
			path = MainModule;
			sourceTree = "<group>";
		};
		04CF231B28BD1F470016BBCA /* ViewModel */ = {
			isa = PBXGroup;
			children = (
				1B87446928BF4F1F004CD121 /* ViewModel.swift */,
			);
			path = ViewModel;
			sourceTree = "<group>";
		};
		04CF231C28BD1F510016BBCA /* View */ = {
			isa = PBXGroup;
			children = (
				04CF230A28BD192F0016BBCA /* MainViewController.swift */,
				1B87446B28BF51DC004CD121 /* FetchedDataView.swift */,
				1B87446D28BF5B14004CD121 /* FetchDataView + Extension.swift */,
			);
			path = View;
			sourceTree = "<group>";
		};
		04CF231D28BD1F570016BBCA /* Model */ = {
			isa = PBXGroup;
			children = (
				04CF231E28BD1F830016BBCA /* ViewData.swift */,
			);
			path = Model;
			sourceTree = "<group>";
		};
		6A1F975F0D5D14613DC3FA67 /* Frameworks */ = {
			isa = PBXGroup;
			children = (
				D0E8FA5F7C7D07316FEA63F5 /* Pods_pryaniki_test_task.framework */,
			);
			name = Frameworks;
			sourceTree = "<group>";
		};
		D5BB693E4FB42C5EC04C80ED /* Pods */ = {
			isa = PBXGroup;
			children = (
				20D004FE270ABAF4709940CA /* Pods-pryaniki-test-task.debug.xcconfig */,
				1E313289514A1AB4DA3E01E4 /* Pods-pryaniki-test-task.release.xcconfig */,
			);
			path = Pods;
			sourceTree = "<group>";
		};
/* End PBXGroup section */

/* Begin PBXNativeTarget section */
		04CF230228BD192F0016BBCA /* pryaniki-test-task */ = {
			isa = PBXNativeTarget;
			buildConfigurationList = 04CF231728BD19300016BBCA /* Build configuration list for PBXNativeTarget "pryaniki-test-task" */;
			buildPhases = (
				73B2FBC1B26D3823E4128010 /* [CP] Check Pods Manifest.lock */,
				04CF22FF28BD192F0016BBCA /* Sources */,
				04CF230028BD192F0016BBCA /* Frameworks */,
				04CF230128BD192F0016BBCA /* Resources */,
				7E3335C6823049B969D8DE18 /* [CP] Embed Pods Frameworks */,
			);
			buildRules = (
			);
			dependencies = (
			);
			name = "pryaniki-test-task";
			productName = "pryaniki-test-task";
			productReference = 04CF230328BD192F0016BBCA /* pryaniki-test-task.app */;
			productType = "com.apple.product-type.application";
		};
/* End PBXNativeTarget section */

/* Begin PBXProject section */
		04CF22FB28BD192F0016BBCA /* Project object */ = {
			isa = PBXProject;
			attributes = {
				BuildIndependentTargetsInParallel = 1;
				LastSwiftUpdateCheck = 1340;
				LastUpgradeCheck = 1340;
				TargetAttributes = {
					04CF230228BD192F0016BBCA = {
						CreatedOnToolsVersion = 13.4.1;
					};
				};
			};
			buildConfigurationList = 04CF22FE28BD192F0016BBCA /* Build configuration list for PBXProject "pryaniki-test-task" */;
			compatibilityVersion = "Xcode 13.0";
			developmentRegion = en;
			hasScannedForEncodings = 0;
			knownRegions = (
				en,
				Base,
			);
			mainGroup = 04CF22FA28BD192F0016BBCA;
			productRefGroup = 04CF230428BD192F0016BBCA /* Products */;
			projectDirPath = "";
			projectRoot = "";
			targets = (
				04CF230228BD192F0016BBCA /* pryaniki-test-task */,
			);
		};
/* End PBXProject section */

/* Begin PBXResourcesBuildPhase section */
		04CF230128BD192F0016BBCA /* Resources */ = {
			isa = PBXResourcesBuildPhase;
			buildActionMask = 2147483647;
			files = (
				04CF231328BD19300016BBCA /* LaunchScreen.storyboard in Resources */,
				04CF231028BD19300016BBCA /* Assets.xcassets in Resources */,
			);
			runOnlyForDeploymentPostprocessing = 0;
		};
/* End PBXResourcesBuildPhase section */

/* Begin PBXShellScriptBuildPhase section */
		73B2FBC1B26D3823E4128010 /* [CP] Check Pods Manifest.lock */ = {
			isa = PBXShellScriptBuildPhase;
			buildActionMask = 2147483647;
			files = (
			);
			inputFileListPaths = (
			);
			inputPaths = (
				"${PODS_PODFILE_DIR_PATH}/Podfile.lock",
				"${PODS_ROOT}/Manifest.lock",
			);
			name = "[CP] Check Pods Manifest.lock";
			outputFileListPaths = (
			);
			outputPaths = (
				"$(DERIVED_FILE_DIR)/Pods-pryaniki-test-task-checkManifestLockResult.txt",
			);
			runOnlyForDeploymentPostprocessing = 0;
			shellPath = /bin/sh;
			shellScript = "diff \"${PODS_PODFILE_DIR_PATH}/Podfile.lock\" \"${PODS_ROOT}/Manifest.lock\" > /dev/null\nif [ $? != 0 ] ; then\n    # print error to STDERR\n    echo \"error: The sandbox is not in sync with the Podfile.lock. Run 'pod install' or update your CocoaPods installation.\" >&2\n    exit 1\nfi\n# This output is used by Xcode 'outputs' to avoid re-running this script phase.\necho \"SUCCESS\" > \"${SCRIPT_OUTPUT_FILE_0}\"\n";
			showEnvVarsInLog = 0;
		};
		7E3335C6823049B969D8DE18 /* [CP] Embed Pods Frameworks */ = {
			isa = PBXShellScriptBuildPhase;
			buildActionMask = 2147483647;
			files = (
			);
			inputFileListPaths = (
				"${PODS_ROOT}/Target Support Files/Pods-pryaniki-test-task/Pods-pryaniki-test-task-frameworks-${CONFIGURATION}-input-files.xcfilelist",
			);
			name = "[CP] Embed Pods Frameworks";
			outputFileListPaths = (
				"${PODS_ROOT}/Target Support Files/Pods-pryaniki-test-task/Pods-pryaniki-test-task-frameworks-${CONFIGURATION}-output-files.xcfilelist",
			);
			runOnlyForDeploymentPostprocessing = 0;
			shellPath = /bin/sh;
			shellScript = "\"${PODS_ROOT}/Target Support Files/Pods-pryaniki-test-task/Pods-pryaniki-test-task-frameworks.sh\"\n";
			showEnvVarsInLog = 0;
		};
/* End PBXShellScriptBuildPhase section */

/* Begin PBXSourcesBuildPhase section */
		04CF22FF28BD192F0016BBCA /* Sources */ = {
			isa = PBXSourcesBuildPhase;
			buildActionMask = 2147483647;
			files = (
				1B87446A28BF4F1F004CD121 /* ViewModel.swift in Sources */,
				04CF230B28BD192F0016BBCA /* MainViewController.swift in Sources */,
				04CF230728BD192F0016BBCA /* AppDelegate.swift in Sources */,
				1B87446E28BF5B14004CD121 /* FetchDataView + Extension.swift in Sources */,
				04CF231F28BD1F830016BBCA /* ViewData.swift in Sources */,
				1B87446C28BF51DC004CD121 /* FetchedDataView.swift in Sources */,
				04CF230928BD192F0016BBCA /* SceneDelegate.swift in Sources */,
			);
			runOnlyForDeploymentPostprocessing = 0;
		};
/* End PBXSourcesBuildPhase section */

/* Begin PBXVariantGroup section */
		04CF231128BD19300016BBCA /* LaunchScreen.storyboard */ = {
			isa = PBXVariantGroup;
			children = (
				04CF231228BD19300016BBCA /* Base */,
			);
			name = LaunchScreen.storyboard;
			sourceTree = "<group>";
		};
/* End PBXVariantGroup section */

/* Begin XCBuildConfiguration section */
		04CF231528BD19300016BBCA /* Debug */ = {
			isa = XCBuildConfiguration;
			buildSettings = {
				ALWAYS_SEARCH_USER_PATHS = NO;
				CLANG_ANALYZER_NONNULL = YES;
				CLANG_ANALYZER_NUMBER_OBJECT_CONVERSION = YES_AGGRESSIVE;
				CLANG_CXX_LANGUAGE_STANDARD = "gnu++17";
				CLANG_ENABLE_MODULES = YES;
				CLANG_ENABLE_OBJC_ARC = YES;
				CLANG_ENABLE_OBJC_WEAK = YES;
				CLANG_WARN_BLOCK_CAPTURE_AUTORELEASING = YES;
				CLANG_WARN_BOOL_CONVERSION = YES;
				CLANG_WARN_COMMA = YES;
				CLANG_WARN_CONSTANT_CONVERSION = YES;
				CLANG_WARN_DEPRECATED_OBJC_IMPLEMENTATIONS = YES;
				CLANG_WARN_DIRECT_OBJC_ISA_USAGE = YES_ERROR;
				CLANG_WARN_DOCUMENTATION_COMMENTS = YES;
				CLANG_WARN_EMPTY_BODY = YES;
				CLANG_WARN_ENUM_CONVERSION = YES;
				CLANG_WARN_INFINITE_RECURSION = YES;
				CLANG_WARN_INT_CONVERSION = YES;
				CLANG_WARN_NON_LITERAL_NULL_CONVERSION = YES;
				CLANG_WARN_OBJC_IMPLICIT_RETAIN_SELF = YES;
				CLANG_WARN_OBJC_LITERAL_CONVERSION = YES;
				CLANG_WARN_OBJC_ROOT_CLASS = YES_ERROR;
				CLANG_WARN_QUOTED_INCLUDE_IN_FRAMEWORK_HEADER = YES;
				CLANG_WARN_RANGE_LOOP_ANALYSIS = YES;
				CLANG_WARN_STRICT_PROTOTYPES = YES;
				CLANG_WARN_SUSPICIOUS_MOVE = YES;
				CLANG_WARN_UNGUARDED_AVAILABILITY = YES_AGGRESSIVE;
				CLANG_WARN_UNREACHABLE_CODE = YES;
				CLANG_WARN__DUPLICATE_METHOD_MATCH = YES;
				COPY_PHASE_STRIP = NO;
				DEBUG_INFORMATION_FORMAT = dwarf;
				ENABLE_STRICT_OBJC_MSGSEND = YES;
				ENABLE_TESTABILITY = YES;
				GCC_C_LANGUAGE_STANDARD = gnu11;
				GCC_DYNAMIC_NO_PIC = NO;
				GCC_NO_COMMON_BLOCKS = YES;
				GCC_OPTIMIZATION_LEVEL = 0;
				GCC_PREPROCESSOR_DEFINITIONS = (
					"DEBUG=1",
					"$(inherited)",
				);
				GCC_WARN_64_TO_32_BIT_CONVERSION = YES;
				GCC_WARN_ABOUT_RETURN_TYPE = YES_ERROR;
				GCC_WARN_UNDECLARED_SELECTOR = YES;
				GCC_WARN_UNINITIALIZED_AUTOS = YES_AGGRESSIVE;
				GCC_WARN_UNUSED_FUNCTION = YES;
				GCC_WARN_UNUSED_VARIABLE = YES;
				IPHONEOS_DEPLOYMENT_TARGET = 15.5;
				MTL_ENABLE_DEBUG_INFO = INCLUDE_SOURCE;
				MTL_FAST_MATH = YES;
				ONLY_ACTIVE_ARCH = YES;
				SDKROOT = iphoneos;
				SWIFT_ACTIVE_COMPILATION_CONDITIONS = DEBUG;
				SWIFT_OPTIMIZATION_LEVEL = "-Onone";
			};
			name = Debug;
		};
		04CF231628BD19300016BBCA /* Release */ = {
			isa = XCBuildConfiguration;
			buildSettings = {
				ALWAYS_SEARCH_USER_PATHS = NO;
				CLANG_ANALYZER_NONNULL = YES;
				CLANG_ANALYZER_NUMBER_OBJECT_CONVERSION = YES_AGGRESSIVE;
				CLANG_CXX_LANGUAGE_STANDARD = "gnu++17";
				CLANG_ENABLE_MODULES = YES;
				CLANG_ENABLE_OBJC_ARC = YES;
				CLANG_ENABLE_OBJC_WEAK = YES;
				CLANG_WARN_BLOCK_CAPTURE_AUTORELEASING = YES;
				CLANG_WARN_BOOL_CONVERSION = YES;
				CLANG_WARN_COMMA = YES;
				CLANG_WARN_CONSTANT_CONVERSION = YES;
				CLANG_WARN_DEPRECATED_OBJC_IMPLEMENTATIONS = YES;
				CLANG_WARN_DIRECT_OBJC_ISA_USAGE = YES_ERROR;
				CLANG_WARN_DOCUMENTATION_COMMENTS = YES;
				CLANG_WARN_EMPTY_BODY = YES;
				CLANG_WARN_ENUM_CONVERSION = YES;
				CLANG_WARN_INFINITE_RECURSION = YES;
				CLANG_WARN_INT_CONVERSION = YES;
				CLANG_WARN_NON_LITERAL_NULL_CONVERSION = YES;
				CLANG_WARN_OBJC_IMPLICIT_RETAIN_SELF = YES;
				CLANG_WARN_OBJC_LITERAL_CONVERSION = YES;
				CLANG_WARN_OBJC_ROOT_CLASS = YES_ERROR;
				CLANG_WARN_QUOTED_INCLUDE_IN_FRAMEWORK_HEADER = YES;
				CLANG_WARN_RANGE_LOOP_ANALYSIS = YES;
				CLANG_WARN_STRICT_PROTOTYPES = YES;
				CLANG_WARN_SUSPICIOUS_MOVE = YES;
				CLANG_WARN_UNGUARDED_AVAILABILITY = YES_AGGRESSIVE;
				CLANG_WARN_UNREACHABLE_CODE = YES;
				CLANG_WARN__DUPLICATE_METHOD_MATCH = YES;
				COPY_PHASE_STRIP = NO;
				DEBUG_INFORMATION_FORMAT = "dwarf-with-dsym";
				ENABLE_NS_ASSERTIONS = NO;
				ENABLE_STRICT_OBJC_MSGSEND = YES;
				GCC_C_LANGUAGE_STANDARD = gnu11;
				GCC_NO_COMMON_BLOCKS = YES;
				GCC_WARN_64_TO_32_BIT_CONVERSION = YES;
				GCC_WARN_ABOUT_RETURN_TYPE = YES_ERROR;
				GCC_WARN_UNDECLARED_SELECTOR = YES;
				GCC_WARN_UNINITIALIZED_AUTOS = YES_AGGRESSIVE;
				GCC_WARN_UNUSED_FUNCTION = YES;
				GCC_WARN_UNUSED_VARIABLE = YES;
				IPHONEOS_DEPLOYMENT_TARGET = 15.5;
				MTL_ENABLE_DEBUG_INFO = NO;
				MTL_FAST_MATH = YES;
				SDKROOT = iphoneos;
				SWIFT_COMPILATION_MODE = wholemodule;
				SWIFT_OPTIMIZATION_LEVEL = "-O";
				VALIDATE_PRODUCT = YES;
			};
			name = Release;
		};
		04CF231828BD19300016BBCA /* Debug */ = {
			isa = XCBuildConfiguration;
			baseConfigurationReference = 20D004FE270ABAF4709940CA /* Pods-pryaniki-test-task.debug.xcconfig */;
			buildSettings = {
				ASSETCATALOG_COMPILER_APPICON_NAME = AppIcon;
				ASSETCATALOG_COMPILER_GLOBAL_ACCENT_COLOR_NAME = AccentColor;
				CODE_SIGN_STYLE = Automatic;
				CURRENT_PROJECT_VERSION = 1;
				DEVELOPMENT_TEAM = 74L575RYQ9;
				GENERATE_INFOPLIST_FILE = YES;
				INFOPLIST_FILE = "pryaniki-test-task/Info.plist";
				INFOPLIST_KEY_UIApplicationSupportsIndirectInputEvents = YES;
				INFOPLIST_KEY_UILaunchStoryboardName = LaunchScreen;
				INFOPLIST_KEY_UISupportedInterfaceOrientations_iPad = "UIInterfaceOrientationPortrait UIInterfaceOrientationPortraitUpsideDown UIInterfaceOrientationLandscapeLeft UIInterfaceOrientationLandscapeRight";
				INFOPLIST_KEY_UISupportedInterfaceOrientations_iPhone = "UIInterfaceOrientationPortrait UIInterfaceOrientationLandscapeLeft UIInterfaceOrientationLandscapeRight";
				LD_RUNPATH_SEARCH_PATHS = (
					"$(inherited)",
					"@executable_path/Frameworks",
				);
				MARKETING_VERSION = 1.0;
				PRODUCT_BUNDLE_IDENTIFIER = "maslov.pryaniki-test-task";
				PRODUCT_NAME = "$(TARGET_NAME)";
				SWIFT_EMIT_LOC_STRINGS = YES;
				SWIFT_VERSION = 5.0;
				TARGETED_DEVICE_FAMILY = "1,2";
			};
			name = Debug;
		};
		04CF231928BD19300016BBCA /* Release */ = {
			isa = XCBuildConfiguration;
			baseConfigurationReference = 1E313289514A1AB4DA3E01E4 /* Pods-pryaniki-test-task.release.xcconfig */;
			buildSettings = {
				ASSETCATALOG_COMPILER_APPICON_NAME = AppIcon;
				ASSETCATALOG_COMPILER_GLOBAL_ACCENT_COLOR_NAME = AccentColor;
				CODE_SIGN_STYLE = Automatic;
				CURRENT_PROJECT_VERSION = 1;
				DEVELOPMENT_TEAM = 74L575RYQ9;
				GENERATE_INFOPLIST_FILE = YES;
				INFOPLIST_FILE = "pryaniki-test-task/Info.plist";
				INFOPLIST_KEY_UIApplicationSupportsIndirectInputEvents = YES;
				INFOPLIST_KEY_UILaunchStoryboardName = LaunchScreen;
				INFOPLIST_KEY_UISupportedInterfaceOrientations_iPad = "UIInterfaceOrientationPortrait UIInterfaceOrientationPortraitUpsideDown UIInterfaceOrientationLandscapeLeft UIInterfaceOrientationLandscapeRight";
				INFOPLIST_KEY_UISupportedInterfaceOrientations_iPhone = "UIInterfaceOrientationPortrait UIInterfaceOrientationLandscapeLeft UIInterfaceOrientationLandscapeRight";
				LD_RUNPATH_SEARCH_PATHS = (
					"$(inherited)",
					"@executable_path/Frameworks",
				);
				MARKETING_VERSION = 1.0;
				PRODUCT_BUNDLE_IDENTIFIER = "maslov.pryaniki-test-task";
				PRODUCT_NAME = "$(TARGET_NAME)";
				SWIFT_EMIT_LOC_STRINGS = YES;
				SWIFT_VERSION = 5.0;
				TARGETED_DEVICE_FAMILY = "1,2";
			};
			name = Release;
		};
/* End XCBuildConfiguration section */

/* Begin XCConfigurationList section */
		04CF22FE28BD192F0016BBCA /* Build configuration list for PBXProject "pryaniki-test-task" */ = {
			isa = XCConfigurationList;
			buildConfigurations = (
				04CF231528BD19300016BBCA /* Debug */,
				04CF231628BD19300016BBCA /* Release */,
			);
			defaultConfigurationIsVisible = 0;
			defaultConfigurationName = Release;
		};
		04CF231728BD19300016BBCA /* Build configuration list for PBXNativeTarget "pryaniki-test-task" */ = {
			isa = XCConfigurationList;
			buildConfigurations = (
				04CF231828BD19300016BBCA /* Debug */,
				04CF231928BD19300016BBCA /* Release */,
			);
			defaultConfigurationIsVisible = 0;
			defaultConfigurationName = Release;
		};
/* End XCConfigurationList section */
	};
	rootObject = 04CF22FB28BD192F0016BBCA /* Project object */;
}
